{
  "version": 4,
  "terraform_version": "1.10.4",
  "serial": 36,
  "lineage": "84065ff3-b4ba-a737-03d5-509c4cdcb1cb",
  "outputs": {
    "pet-name": {
      "value": "Mr.guided.unicorn",
      "type": "string"
    }
  },
  "resources": [
    {
      "mode": "managed",
      "type": "local_file",
      "name": "cat",
      "provider": "provider[\"registry.terraform.io/hashicorp/local\"]",
      "instances": [
        {
          "schema_version": 0,
          "attributes": {
            "content": "My favorite pet is Mr.guided.unicorn",
            "content_base64": null,
            "content_base64sha256": "HjnF9SrTGOXMKLt1m7kzzMUS02TG/SMWpidOpXBD+Lg=",
            "content_base64sha512": "KN5jCQ8m4vd6B5rQ/Wen2KKzS/fuy+US+Uh/RILvDG0cD0polKa3fCAUH/eYcudL5E/ytjMYNS24GpKTt+iN5A==",
            "content_md5": "8fac818b1838fe11aae819452696b112",
            "content_sha1": "317032a79db77331d384d0745f48d67a48874028",
            "content_sha256": "1e39c5f52ad318e5cc28bb759bb933ccc512d364c6fd2316a6274ea57043f8b8",
            "content_sha512": "28de63090f26e2f77a079ad0fd67a7d8a2b34bf7eecbe512f9487f4482ef0c6d1c0f4a6894a6b77c20141ff79872e74be44ff2b63318352db81a9293b7e88de4",
            "directory_permission": "0777",
            "file_permission": "0777",
            "filename": "./mypet.txt",
            "id": "317032a79db77331d384d0745f48d67a48874028",
            "sensitive_content": null,
            "source": null
          },
          "sensitive_attributes": [
            [
              {
                "type": "get_attr",
                "value": "sensitive_content"
              }
            ]
          ],
          "dependencies": [
            "random_pet.my-pet"
          ]
        }
      ]
    },
    {
      "mode": "managed",
      "type": "random_pet",
      "name": "my-pet",
      "provider": "provider[\"registry.terraform.io/hashicorp/random\"]",
      "instances": [
        {
          "schema_version": 0,
          "attributes": {
            "id": "Mr.guided.unicorn",
            "keepers": null,
            "length": 2,
            "prefix": "Mr",
            "separator": "."
          },
          "sensitive_attributes": []
        }
      ]
    }
  ],
  "check_results": null
}
